
Microsoft Visual Studio Solution File, Format Version 12.00
# Visual Studio Version 17
VisualStudioVersion = 17.2.32505.173
MinimumVisualStudioVersion = 10.0.40219.1
Project("{9A19103F-16F7-4668-BE54-9A1E7A4F7556}") = "Absurdle.Game", "Absurdle\Absurdle.Game\Absurdle.Game.csproj", "{E2957B69-B899-4B78-B3BF-56E358D935EE}"
EndProject
Project("{9A19103F-16F7-4668-BE54-9A1E7A4F7556}") = "Absurdle.DataImport", "Absurdle\Absurdle.DataImport\Absurdle.DataImport.csproj", "{8ED957EC-E1A4-4B0E-A3D3-3E45679C4158}"
EndProject
Project("{9A19103F-16F7-4668-BE54-9A1E7A4F7556}") = "Absurdle.Solver", "Absurdle\Absurdle.Solver\Absurdle.Solver.csproj", "{99E959E1-134F-4307-BBB5-FF48111298AD}"
EndProject
Project("{9A19103F-16F7-4668-BE54-9A1E7A4F7556}") = "Absurdle.Engine", "Absurdle\Absurdle.Engine\Absurdle.Engine.csproj", "{D425D0F2-5A52-46B1-840A-D5F0CCC641E5}"
EndProject
Global
	GlobalSection(SolutionConfigurationPlatforms) = preSolution
		Debug|Any CPU = Debug|Any CPU
		Release|Any CPU = Release|Any CPU
	EndGlobalSection
	GlobalSection(ProjectConfigurationPlatforms) = postSolution
		{E2957B69-B899-4B78-B3BF-56E358D935EE}.Debug|Any CPU.ActiveCfg = Debug|Any CPU
		{E2957B69-B899-4B78-B3BF-56E358D935EE}.Debug|Any CPU.Build.0 = Debug|Any CPU
		{E2957B69-B899-4B78-B3BF-56E358D935EE}.Release|Any CPU.ActiveCfg = Release|Any CPU
		{E2957B69-B899-4B78-B3BF-56E358D935EE}.Release|Any CPU.Build.0 = Release|Any CPU
		{8ED957EC-E1A4-4B0E-A3D3-3E45679C4158}.Debug|Any CPU.ActiveCfg = Debug|Any CPU
		{8ED957EC-E1A4-4B0E-A3D3-3E45679C4158}.Debug|Any CPU.Build.0 = Debug|Any CPU
		{8ED957EC-E1A4-4B0E-A3D3-3E45679C4158}.Release|Any CPU.ActiveCfg = Release|Any CPU
		{8ED957EC-E1A4-4B0E-A3D3-3E45679C4158}.Release|Any CPU.Build.0 = Release|Any CPU
		{99E959E1-134F-4307-BBB5-FF48111298AD}.Debug|Any CPU.ActiveCfg = Debug|Any CPU
		{99E959E1-134F-4307-BBB5-FF48111298AD}.Debug|Any CPU.Build.0 = Debug|Any CPU
		{99E959E1-134F-4307-BBB5-FF48111298AD}.Release|Any CPU.ActiveCfg = Release|Any CPU
		{99E959E1-134F-4307-BBB5-FF48111298AD}.Release|Any CPU.Build.0 = Release|Any CPU
		{D425D0F2-5A52-46B1-840A-D5F0CCC641E5}.Debug|Any CPU.ActiveCfg = Debug|Any CPU
		{D425D0F2-5A52-46B1-840A-D5F0CCC641E5}.Debug|Any CPU.Build.0 = Debug|Any CPU
		{D425D0F2-5A52-46B1-840A-D5F0CCC641E5}.Release|Any CPU.ActiveCfg = Release|Any CPU
		{D425D0F2-5A52-46B1-840A-D5F0CCC641E5}.Release|Any CPU.Build.0 = Release|Any CPU
	EndGlobalSection
	GlobalSection(SolutionProperties) = preSolution
		HideSolutionNode = FALSE
	EndGlobalSection
	GlobalSection(ExtensibilityGlobals) = postSolution
		SolutionGuid = {AF78AF31-EA99-4FB6-BE6C-958B7B969CA4}
	EndGlobalSection
EndGlobal
